
Microsoft Visual Studio Solution File, Format Version 12.00
# Visual Studio Version 16
VisualStudioVersion = 16.0.30804.86
MinimumVisualStudioVersion = 10.0.40219.1
Project("{FAE04EC0-301F-11D3-BF4B-00C04F79EFBC}") = "SampleAPI", "SampleAPI\SampleAPI.csproj", "{A7B1A6BF-C20D-47DB-B70B-BAA3D1215E92}"
EndProject
Project("{FAE04EC0-301F-11D3-BF4B-00C04F79EFBC}") = "SampleAPI.Tests", "SampleAPI.Tests\SampleAPI.Tests.csproj", "{90E0DF51-4BA1-4DFB-82B8-BDAFDAD34E20}"
EndProject
Global
	GlobalSection(SolutionConfigurationPlatforms) = preSolution
		Debug|Any CPU = Debug|Any CPU
		Release|Any CPU = Release|Any CPU
	EndGlobalSection
	GlobalSection(ProjectConfigurationPlatforms) = postSolution
		{A7B1A6BF-C20D-47DB-B70B-BAA3D1215E92}.Debug|Any CPU.ActiveCfg = Debug|Any CPU
		{A7B1A6BF-C20D-47DB-B70B-BAA3D1215E92}.Debug|Any CPU.Build.0 = Debug|Any CPU
		{A7B1A6BF-C20D-47DB-B70B-BAA3D1215E92}.Release|Any CPU.ActiveCfg = Release|Any CPU
		{A7B1A6BF-C20D-47DB-B70B-BAA3D1215E92}.Release|Any CPU.Build.0 = Release|Any CPU
		{90E0DF51-4BA1-4DFB-82B8-BDAFDAD34E20}.Debug|Any CPU.ActiveCfg = Debug|Any CPU
		{90E0DF51-4BA1-4DFB-82B8-BDAFDAD34E20}.Debug|Any CPU.Build.0 = Debug|Any CPU
		{90E0DF51-4BA1-4DFB-82B8-BDAFDAD34E20}.Release|Any CPU.ActiveCfg = Release|Any CPU
		{90E0DF51-4BA1-4DFB-82B8-BDAFDAD34E20}.Release|Any CPU.Build.0 = Release|Any CPU
	EndGlobalSection
	GlobalSection(SolutionProperties) = preSolution
		HideSolutionNode = FALSE
	EndGlobalSection
	GlobalSection(ExtensibilityGlobals) = postSolution
		SolutionGuid = {65DE43BB-B690-4DBD-8C42-F3FA4D721340}
	EndGlobalSection
EndGlobal
